
Microsoft Visual Studio Solution File, Format Version 12.00
Project("{FAE04EC0-301F-11D3-BF4B-00C04F79EFBC}") = "CookingBook.Domain", "CookingBook.Domain\CookingBook.Domain.csproj", "{568F3B58-5E89-4C4D-9292-340FB5A39707}"
EndProject
Project("{FAE04EC0-301F-11D3-BF4B-00C04F79EFBC}") = "CookingBook.Application", "CookingBook.Application\CookingBook.Application.csproj", "{BEE897FA-4ED9-44E5-9408-F106B14F2905}"
EndProject
Project("{FAE04EC0-301F-11D3-BF4B-00C04F79EFBC}") = "CookingBook.Infrastructure", "CookingBook.Infrastructure\CookingBook.Infrastructure.csproj", "{D21967AC-1413-4149-AB1E-8056456B7DE2}"
EndProject
Project("{FAE04EC0-301F-11D3-BF4B-00C04F79EFBC}") = "CookingBook.Api", "CookingBook.Api\CookingBook.Api.csproj", "{DD5D08A6-7374-47E4-98CC-85BB30B04AD9}"
EndProject
Project("{2150E333-8FDC-42A3-9474-1A3956D46DE8}") = "Shared", "Shared", "{8A65ED6F-443C-4202-919C-5749EEA6A731}"
EndProject
Project("{FAE04EC0-301F-11D3-BF4B-00C04F79EFBC}") = "CookingBook.Shared", "CookingBook.Shared\CookingBook.Shared.csproj", "{661D2870-075A-4542-BEF4-6C99A8767C28}"
EndProject
Project("{FAE04EC0-301F-11D3-BF4B-00C04F79EFBC}") = "CookingBook.Shared.Abstractions", "CookingBook.Shared.Abstractions\CookingBook.Shared.Abstractions.csproj", "{BB4279E2-48DA-4A0E-BCDA-0C64D3D8D0CA}"
EndProject
Project("{2150E333-8FDC-42A3-9474-1A3956D46DE8}") = "src", "src", "{6A5D2711-255E-4A8F-8831-77B8B34308B2}"
EndProject
Project("{2150E333-8FDC-42A3-9474-1A3956D46DE8}") = "tests", "tests", "{0C24BDE4-6428-41EF-8C9D-8C582B267DFE}"
EndProject
Project("{FAE04EC0-301F-11D3-BF4B-00C04F79EFBC}") = "CookingBook.Domain.Tests", "CookingBook.Domain.Tests\CookingBook.Domain.Tests.csproj", "{E8672AAF-7EE7-4467-BB0E-44270ED3541D}"
EndProject
Global
	GlobalSection(SolutionConfigurationPlatforms) = preSolution
		Debug|Any CPU = Debug|Any CPU
		Release|Any CPU = Release|Any CPU
	EndGlobalSection
	GlobalSection(ProjectConfigurationPlatforms) = postSolution
		{568F3B58-5E89-4C4D-9292-340FB5A39707}.Debug|Any CPU.ActiveCfg = Debug|Any CPU
		{568F3B58-5E89-4C4D-9292-340FB5A39707}.Debug|Any CPU.Build.0 = Debug|Any CPU
		{568F3B58-5E89-4C4D-9292-340FB5A39707}.Release|Any CPU.ActiveCfg = Release|Any CPU
		{568F3B58-5E89-4C4D-9292-340FB5A39707}.Release|Any CPU.Build.0 = Release|Any CPU
		{BEE897FA-4ED9-44E5-9408-F106B14F2905}.Debug|Any CPU.ActiveCfg = Debug|Any CPU
		{BEE897FA-4ED9-44E5-9408-F106B14F2905}.Debug|Any CPU.Build.0 = Debug|Any CPU
		{BEE897FA-4ED9-44E5-9408-F106B14F2905}.Release|Any CPU.ActiveCfg = Release|Any CPU
		{BEE897FA-4ED9-44E5-9408-F106B14F2905}.Release|Any CPU.Build.0 = Release|Any CPU
		{D21967AC-1413-4149-AB1E-8056456B7DE2}.Debug|Any CPU.ActiveCfg = Debug|Any CPU
		{D21967AC-1413-4149-AB1E-8056456B7DE2}.Debug|Any CPU.Build.0 = Debug|Any CPU
		{D21967AC-1413-4149-AB1E-8056456B7DE2}.Release|Any CPU.ActiveCfg = Release|Any CPU
		{D21967AC-1413-4149-AB1E-8056456B7DE2}.Release|Any CPU.Build.0 = Release|Any CPU
		{DD5D08A6-7374-47E4-98CC-85BB30B04AD9}.Debug|Any CPU.ActiveCfg = Debug|Any CPU
		{DD5D08A6-7374-47E4-98CC-85BB30B04AD9}.Debug|Any CPU.Build.0 = Debug|Any CPU
		{DD5D08A6-7374-47E4-98CC-85BB30B04AD9}.Release|Any CPU.ActiveCfg = Release|Any CPU
		{DD5D08A6-7374-47E4-98CC-85BB30B04AD9}.Release|Any CPU.Build.0 = Release|Any CPU
		{661D2870-075A-4542-BEF4-6C99A8767C28}.Debug|Any CPU.ActiveCfg = Debug|Any CPU
		{661D2870-075A-4542-BEF4-6C99A8767C28}.Debug|Any CPU.Build.0 = Debug|Any CPU
		{661D2870-075A-4542-BEF4-6C99A8767C28}.Release|Any CPU.ActiveCfg = Release|Any CPU
		{661D2870-075A-4542-BEF4-6C99A8767C28}.Release|Any CPU.Build.0 = Release|Any CPU
		{BB4279E2-48DA-4A0E-BCDA-0C64D3D8D0CA}.Debug|Any CPU.ActiveCfg = Debug|Any CPU
		{BB4279E2-48DA-4A0E-BCDA-0C64D3D8D0CA}.Debug|Any CPU.Build.0 = Debug|Any CPU
		{BB4279E2-48DA-4A0E-BCDA-0C64D3D8D0CA}.Release|Any CPU.ActiveCfg = Release|Any CPU
		{BB4279E2-48DA-4A0E-BCDA-0C64D3D8D0CA}.Release|Any CPU.Build.0 = Release|Any CPU
		{E8672AAF-7EE7-4467-BB0E-44270ED3541D}.Debug|Any CPU.ActiveCfg = Debug|Any CPU
		{E8672AAF-7EE7-4467-BB0E-44270ED3541D}.Debug|Any CPU.Build.0 = Debug|Any CPU
		{E8672AAF-7EE7-4467-BB0E-44270ED3541D}.Release|Any CPU.ActiveCfg = Release|Any CPU
		{E8672AAF-7EE7-4467-BB0E-44270ED3541D}.Release|Any CPU.Build.0 = Release|Any CPU
	EndGlobalSection
	GlobalSection(NestedProjects) = preSolution
		{661D2870-075A-4542-BEF4-6C99A8767C28} = {8A65ED6F-443C-4202-919C-5749EEA6A731}
		{BB4279E2-48DA-4A0E-BCDA-0C64D3D8D0CA} = {8A65ED6F-443C-4202-919C-5749EEA6A731}
		{8A65ED6F-443C-4202-919C-5749EEA6A731} = {6A5D2711-255E-4A8F-8831-77B8B34308B2}
		{DD5D08A6-7374-47E4-98CC-85BB30B04AD9} = {6A5D2711-255E-4A8F-8831-77B8B34308B2}
		{BEE897FA-4ED9-44E5-9408-F106B14F2905} = {6A5D2711-255E-4A8F-8831-77B8B34308B2}
		{568F3B58-5E89-4C4D-9292-340FB5A39707} = {6A5D2711-255E-4A8F-8831-77B8B34308B2}
		{D21967AC-1413-4149-AB1E-8056456B7DE2} = {6A5D2711-255E-4A8F-8831-77B8B34308B2}
		{E8672AAF-7EE7-4467-BB0E-44270ED3541D} = {0C24BDE4-6428-41EF-8C9D-8C582B267DFE}
	EndGlobalSection
EndGlobal
